
Microsoft Visual Studio Solution File, Format Version 12.00
Project("{FAE04EC0-301F-11D3-BF4B-00C04F79EFBC}") = "Calc", "Calc.csproj", "{9F31A08E-D758-41A5-9D3B-D569EE4623D5}"
EndProject
Global
	GlobalSection(SolutionConfigurationPlatforms) = preSolution
		Debug|Any CPU = Debug|Any CPU
		Release|Any CPU = Release|Any CPU
	EndGlobalSection
	GlobalSection(ProjectConfigurationPlatforms) = postSolution
		{9F31A08E-D758-41A5-9D3B-D569EE4623D5}.Debug|Any CPU.ActiveCfg = Debug|Any CPU
		{9F31A08E-D758-41A5-9D3B-D569EE4623D5}.Debug|Any CPU.Build.0 = Debug|Any CPU
		{9F31A08E-D758-41A5-9D3B-D569EE4623D5}.Release|Any CPU.ActiveCfg = Release|Any CPU
		{9F31A08E-D758-41A5-9D3B-D569EE4623D5}.Release|Any CPU.Build.0 = Release|Any CPU
	EndGlobalSection
EndGlobal
